// !$*UTF8*$!
{
	archiveVersion = 1;
	classes = {
	};
	objectVersion = 50;
	objects = {

/* Begin PBXBuildFile section */
		1B8EB97C24057D5700DE552F /* AppDelegate.swift in Sources */ = {isa = PBXBuildFile; fileRef = 1B8EB97B24057D5700DE552F /* AppDelegate.swift */; };
		1B8EB97E24057D5700DE552F /* SceneDelegate.swift in Sources */ = {isa = PBXBuildFile; fileRef = 1B8EB97D24057D5700DE552F /* SceneDelegate.swift */; };
		1B8EB98024057D5700DE552F /* ContentView.swift in Sources */ = {isa = PBXBuildFile; fileRef = 1B8EB97F24057D5700DE552F /* ContentView.swift */; };
		1B8EB98224057D5900DE552F /* Assets.xcassets in Resources */ = {isa = PBXBuildFile; fileRef = 1B8EB98124057D5900DE552F /* Assets.xcassets */; };
		1B8EB98524057D5900DE552F /* Preview Assets.xcassets in Resources */ = {isa = PBXBuildFile; fileRef = 1B8EB98424057D5900DE552F /* Preview Assets.xcassets */; };
		1B8EB98824057D5900DE552F /* LaunchScreen.storyboard in Resources */ = {isa = PBXBuildFile; fileRef = 1B8EB98624057D5900DE552F /* LaunchScreen.storyboard */; };
		1B8EB9A124057EE500DE552F /* APIHelper.swift in Sources */ = {isa = PBXBuildFile; fileRef = 1B8EB99024057EE500DE552F /* APIHelper.swift */; };
		1B8EB9A224057EE500DE552F /* URLSessionImplementations.swift in Sources */ = {isa = PBXBuildFile; fileRef = 1B8EB99124057EE500DE552F /* URLSessionImplementations.swift */; };
		1B8EB9A324057EE500DE552F /* DocsAPI.swift in Sources */ = {isa = PBXBuildFile; fileRef = 1B8EB99324057EE500DE552F /* DocsAPI.swift */; };
		1B8EB9A424057EE500DE552F /* CodableHelper.swift in Sources */ = {isa = PBXBuildFile; fileRef = 1B8EB99424057EE500DE552F /* CodableHelper.swift */; };
		1B8EB9A524057EE500DE552F /* APIs.swift in Sources */ = {isa = PBXBuildFile; fileRef = 1B8EB99524057EE500DE552F /* APIs.swift */; };
		1B8EB9A624057EE500DE552F /* OpenISO8601DateFormatter.swift in Sources */ = {isa = PBXBuildFile; fileRef = 1B8EB99624057EE500DE552F /* OpenISO8601DateFormatter.swift */; };
		1B8EB9A724057EE500DE552F /* Doc.swift in Sources */ = {isa = PBXBuildFile; fileRef = 1B8EB99824057EE500DE552F /* Doc.swift */; };
		1B8EB9A824057EE500DE552F /* DocsList.swift in Sources */ = {isa = PBXBuildFile; fileRef = 1B8EB99924057EE500DE552F /* DocsList.swift */; };
		1B8EB9A924057EE500DE552F /* ErrorModel.swift in Sources */ = {isa = PBXBuildFile; fileRef = 1B8EB99A24057EE500DE552F /* ErrorModel.swift */; };
		1B8EB9AA24057EE500DE552F /* Extensions.swift in Sources */ = {isa = PBXBuildFile; fileRef = 1B8EB99B24057EE500DE552F /* Extensions.swift */; };
		1B8EB9AB24057EE500DE552F /* JSONDataEncoding.swift in Sources */ = {isa = PBXBuildFile; fileRef = 1B8EB99C24057EE500DE552F /* JSONDataEncoding.swift */; };
		1B8EB9AC24057EE500DE552F /* JSONEncodingHelper.swift in Sources */ = {isa = PBXBuildFile; fileRef = 1B8EB99D24057EE500DE552F /* JSONEncodingHelper.swift */; };
		1B8EB9AD24057EE500DE552F /* Models.swift in Sources */ = {isa = PBXBuildFile; fileRef = 1B8EB99E24057EE500DE552F /* Models.swift */; };
		1B8EB9AE24057EE500DE552F /* SynchronizedDictionary.swift in Sources */ = {isa = PBXBuildFile; fileRef = 1B8EB99F24057EE500DE552F /* SynchronizedDictionary.swift */; };
		1B8EB9AF24057EE500DE552F /* Configuration.swift in Sources */ = {isa = PBXBuildFile; fileRef = 1B8EB9A024057EE500DE552F /* Configuration.swift */; };
/* End PBXBuildFile section */

/* Begin PBXFileReference section */
		1B8EB97824057D5700DE552F /* BooksDiscovery.app */ = {isa = PBXFileReference; explicitFileType = wrapper.application; includeInIndex = 0; path = BooksDiscovery.app; sourceTree = BUILT_PRODUCTS_DIR; };
		1B8EB97B24057D5700DE552F /* AppDelegate.swift */ = {isa = PBXFileReference; lastKnownFileType = sourcecode.swift; path = AppDelegate.swift; sourceTree = "<group>"; };
		1B8EB97D24057D5700DE552F /* SceneDelegate.swift */ = {isa = PBXFileReference; lastKnownFileType = sourcecode.swift; path = SceneDelegate.swift; sourceTree = "<group>"; };
		1B8EB97F24057D5700DE552F /* ContentView.swift */ = {isa = PBXFileReference; lastKnownFileType = sourcecode.swift; path = ContentView.swift; sourceTree = "<group>"; };
		1B8EB98124057D5900DE552F /* Assets.xcassets */ = {isa = PBXFileReference; lastKnownFileType = folder.assetcatalog; path = Assets.xcassets; sourceTree = "<group>"; };
		1B8EB98424057D5900DE552F /* Preview Assets.xcassets */ = {isa = PBXFileReference; lastKnownFileType = folder.assetcatalog; path = "Preview Assets.xcassets"; sourceTree = "<group>"; };
		1B8EB98724057D5900DE552F /* Base */ = {isa = PBXFileReference; lastKnownFileType = file.storyboard; name = Base; path = Base.lproj/LaunchScreen.storyboard; sourceTree = "<group>"; };
		1B8EB98924057D5900DE552F /* Info.plist */ = {isa = PBXFileReference; lastKnownFileType = text.plist.xml; path = Info.plist; sourceTree = "<group>"; };
		1B8EB99024057EE500DE552F /* APIHelper.swift */ = {isa = PBXFileReference; fileEncoding = 4; lastKnownFileType = sourcecode.swift; path = APIHelper.swift; sourceTree = "<group>"; };
		1B8EB99124057EE500DE552F /* URLSessionImplementations.swift */ = {isa = PBXFileReference; fileEncoding = 4; lastKnownFileType = sourcecode.swift; path = URLSessionImplementations.swift; sourceTree = "<group>"; };
		1B8EB99324057EE500DE552F /* DocsAPI.swift */ = {isa = PBXFileReference; fileEncoding = 4; lastKnownFileType = sourcecode.swift; path = DocsAPI.swift; sourceTree = "<group>"; };
		1B8EB99424057EE500DE552F /* CodableHelper.swift */ = {isa = PBXFileReference; fileEncoding = 4; lastKnownFileType = sourcecode.swift; path = CodableHelper.swift; sourceTree = "<group>"; };
		1B8EB99524057EE500DE552F /* APIs.swift */ = {isa = PBXFileReference; fileEncoding = 4; lastKnownFileType = sourcecode.swift; path = APIs.swift; sourceTree = "<group>"; };
		1B8EB99624057EE500DE552F /* OpenISO8601DateFormatter.swift */ = {isa = PBXFileReference; fileEncoding = 4; lastKnownFileType = sourcecode.swift; path = OpenISO8601DateFormatter.swift; sourceTree = "<group>"; };
		1B8EB99824057EE500DE552F /* Doc.swift */ = {isa = PBXFileReference; fileEncoding = 4; lastKnownFileType = sourcecode.swift; path = Doc.swift; sourceTree = "<group>"; };
		1B8EB99924057EE500DE552F /* DocsList.swift */ = {isa = PBXFileReference; fileEncoding = 4; lastKnownFileType = sourcecode.swift; path = DocsList.swift; sourceTree = "<group>"; };
		1B8EB99A24057EE500DE552F /* ErrorModel.swift */ = {isa = PBXFileReference; fileEncoding = 4; lastKnownFileType = sourcecode.swift; path = ErrorModel.swift; sourceTree = "<group>"; };
		1B8EB99B24057EE500DE552F /* Extensions.swift */ = {isa = PBXFileReference; fileEncoding = 4; lastKnownFileType = sourcecode.swift; path = Extensions.swift; sourceTree = "<group>"; };
		1B8EB99C24057EE500DE552F /* JSONDataEncoding.swift */ = {isa = PBXFileReference; fileEncoding = 4; lastKnownFileType = sourcecode.swift; path = JSONDataEncoding.swift; sourceTree = "<group>"; };
		1B8EB99D24057EE500DE552F /* JSONEncodingHelper.swift */ = {isa = PBXFileReference; fileEncoding = 4; lastKnownFileType = sourcecode.swift; path = JSONEncodingHelper.swift; sourceTree = "<group>"; };
		1B8EB99E24057EE500DE552F /* Models.swift */ = {isa = PBXFileReference; fileEncoding = 4; lastKnownFileType = sourcecode.swift; path = Models.swift; sourceTree = "<group>"; };
		1B8EB99F24057EE500DE552F /* SynchronizedDictionary.swift */ = {isa = PBXFileReference; fileEncoding = 4; lastKnownFileType = sourcecode.swift; path = SynchronizedDictionary.swift; sourceTree = "<group>"; };
		1B8EB9A024057EE500DE552F /* Configuration.swift */ = {isa = PBXFileReference; fileEncoding = 4; lastKnownFileType = sourcecode.swift; path = Configuration.swift; sourceTree = "<group>"; };
/* End PBXFileReference section */

/* Begin PBXFrameworksBuildPhase section */
		1B8EB97524057D5700DE552F /* Frameworks */ = {
			isa = PBXFrameworksBuildPhase;
			buildActionMask = 2147483647;
			files = (
			);
			runOnlyForDeploymentPostprocessing = 0;
		};
/* End PBXFrameworksBuildPhase section */

/* Begin PBXGroup section */
		1B8EB96F24057D5700DE552F = {
			isa = PBXGroup;
			children = (
				1B8EB97A24057D5700DE552F /* BooksDiscovery */,
				1B8EB97924057D5700DE552F /* Products */,
			);
			sourceTree = "<group>";
		};
		1B8EB97924057D5700DE552F /* Products */ = {
			isa = PBXGroup;
			children = (
				1B8EB97824057D5700DE552F /* BooksDiscovery.app */,
			);
			name = Products;
			sourceTree = "<group>";
		};
		1B8EB97A24057D5700DE552F /* BooksDiscovery */ = {
			isa = PBXGroup;
			children = (
				1B8EB98F24057EE500DE552F /* OpenAPIs */,
				1B8EB97B24057D5700DE552F /* AppDelegate.swift */,
				1B8EB97D24057D5700DE552F /* SceneDelegate.swift */,
				1B8EB97F24057D5700DE552F /* ContentView.swift */,
				1B8EB98124057D5900DE552F /* Assets.xcassets */,
				1B8EB98624057D5900DE552F /* LaunchScreen.storyboard */,
				1B8EB98924057D5900DE552F /* Info.plist */,
				1B8EB98324057D5900DE552F /* Preview Content */,
			);
			path = BooksDiscovery;
			sourceTree = "<group>";
		};
		1B8EB98324057D5900DE552F /* Preview Content */ = {
			isa = PBXGroup;
			children = (
				1B8EB98424057D5900DE552F /* Preview Assets.xcassets */,
			);
			path = "Preview Content";
			sourceTree = "<group>";
		};
		1B8EB98F24057EE500DE552F /* OpenAPIs */ = {
			isa = PBXGroup;
			children = (
				1B8EB99024057EE500DE552F /* APIHelper.swift */,
				1B8EB99124057EE500DE552F /* URLSessionImplementations.swift */,
				1B8EB99224057EE500DE552F /* APIs */,
				1B8EB99424057EE500DE552F /* CodableHelper.swift */,
				1B8EB99524057EE500DE552F /* APIs.swift */,
				1B8EB99624057EE500DE552F /* OpenISO8601DateFormatter.swift */,
				1B8EB99724057EE500DE552F /* Models */,
				1B8EB99B24057EE500DE552F /* Extensions.swift */,
				1B8EB99C24057EE500DE552F /* JSONDataEncoding.swift */,
				1B8EB99D24057EE500DE552F /* JSONEncodingHelper.swift */,
				1B8EB99E24057EE500DE552F /* Models.swift */,
				1B8EB99F24057EE500DE552F /* SynchronizedDictionary.swift */,
				1B8EB9A024057EE500DE552F /* Configuration.swift */,
			);
			path = OpenAPIs;
			sourceTree = "<group>";
		};
		1B8EB99224057EE500DE552F /* APIs */ = {
			isa = PBXGroup;
			children = (
				1B8EB99324057EE500DE552F /* DocsAPI.swift */,
			);
			path = APIs;
			sourceTree = "<group>";
		};
		1B8EB99724057EE500DE552F /* Models */ = {
			isa = PBXGroup;
			children = (
				1B8EB99824057EE500DE552F /* Doc.swift */,
				1B8EB99924057EE500DE552F /* DocsList.swift */,
				1B8EB99A24057EE500DE552F /* ErrorModel.swift */,
			);
			path = Models;
			sourceTree = "<group>";
		};
/* End PBXGroup section */

/* Begin PBXNativeTarget section */
		1B8EB97724057D5700DE552F /* BooksDiscovery */ = {
			isa = PBXNativeTarget;
			buildConfigurationList = 1B8EB98C24057D5900DE552F /* Build configuration list for PBXNativeTarget "BooksDiscovery" */;
			buildPhases = (
				1B8EB97424057D5700DE552F /* Sources */,
				1B8EB97524057D5700DE552F /* Frameworks */,
				1B8EB97624057D5700DE552F /* Resources */,
			);
			buildRules = (
			);
			dependencies = (
			);
			name = BooksDiscovery;
			productName = BooksDiscovery;
			productReference = 1B8EB97824057D5700DE552F /* BooksDiscovery.app */;
			productType = "com.apple.product-type.application";
		};
/* End PBXNativeTarget section */

/* Begin PBXProject section */
		1B8EB97024057D5700DE552F /* Project object */ = {
			isa = PBXProject;
			attributes = {
				LastSwiftUpdateCheck = 1130;
				LastUpgradeCheck = 1130;
				ORGANIZATIONNAME = GETMOBIT;
				TargetAttributes = {
					1B8EB97724057D5700DE552F = {
						CreatedOnToolsVersion = 11.3.1;
					};
				};
			};
			buildConfigurationList = 1B8EB97324057D5700DE552F /* Build configuration list for PBXProject "BooksDiscovery" */;
			compatibilityVersion = "Xcode 9.3";
			developmentRegion = en;
			hasScannedForEncodings = 0;
			knownRegions = (
				en,
				Base,
			);
			mainGroup = 1B8EB96F24057D5700DE552F;
			productRefGroup = 1B8EB97924057D5700DE552F /* Products */;
			projectDirPath = "";
			projectRoot = "";
			targets = (
				1B8EB97724057D5700DE552F /* BooksDiscovery */,
			);
		};
/* End PBXProject section */

/* Begin PBXResourcesBuildPhase section */
		1B8EB97624057D5700DE552F /* Resources */ = {
			isa = PBXResourcesBuildPhase;
			buildActionMask = 2147483647;
			files = (
				1B8EB98824057D5900DE552F /* LaunchScreen.storyboard in Resources */,
				1B8EB98524057D5900DE552F /* Preview Assets.xcassets in Resources */,
				1B8EB98224057D5900DE552F /* Assets.xcassets in Resources */,
			);
			runOnlyForDeploymentPostprocessing = 0;
		};
/* End PBXResourcesBuildPhase section */

/* Begin PBXSourcesBuildPhase section */
		1B8EB97424057D5700DE552F /* Sources */ = {
			isa = PBXSourcesBuildPhase;
			buildActionMask = 2147483647;
			files = (
				1B8EB9A124057EE500DE552F /* APIHelper.swift in Sources */,
				1B8EB9A424057EE500DE552F /* CodableHelper.swift in Sources */,
				1B8EB9A824057EE500DE552F /* DocsList.swift in Sources */,
				1B8EB9A524057EE500DE552F /* APIs.swift in Sources */,
				1B8EB97C24057D5700DE552F /* AppDelegate.swift in Sources */,
				1B8EB97E24057D5700DE552F /* SceneDelegate.swift in Sources */,
				1B8EB9A924057EE500DE552F /* ErrorModel.swift in Sources */,
				1B8EB9A624057EE500DE552F /* OpenISO8601DateFormatter.swift in Sources */,
				1B8EB9AC24057EE500DE552F /* JSONEncodingHelper.swift in Sources */,
				1B8EB9AA24057EE500DE552F /* Extensions.swift in Sources */,
				1B8EB9A324057EE500DE552F /* DocsAPI.swift in Sources */,
				1B8EB9AD24057EE500DE552F /* Models.swift in Sources */,
				1B8EB9AF24057EE500DE552F /* Configuration.swift in Sources */,
				1B8EB98024057D5700DE552F /* ContentView.swift in Sources */,
				1B8EB9AE24057EE500DE552F /* SynchronizedDictionary.swift in Sources */,
				1B8EB9A724057EE500DE552F /* Doc.swift in Sources */,
				1B8EB9AB24057EE500DE552F /* JSONDataEncoding.swift in Sources */,
				1B8EB9A224057EE500DE552F /* URLSessionImplementations.swift in Sources */,
			);
			runOnlyForDeploymentPostprocessing = 0;
		};
/* End PBXSourcesBuildPhase section */

/* Begin PBXVariantGroup section */
		1B8EB98624057D5900DE552F /* LaunchScreen.storyboard */ = {
			isa = PBXVariantGroup;
			children = (
				1B8EB98724057D5900DE552F /* Base */,
			);
			name = LaunchScreen.storyboard;
			sourceTree = "<group>";
		};
/* End PBXVariantGroup section */

/* Begin XCBuildConfiguration section */
		1B8EB98A24057D5900DE552F /* Debug */ = {
			isa = XCBuildConfiguration;
			buildSettings = {
				ALWAYS_SEARCH_USER_PATHS = NO;
				CLANG_ANALYZER_NONNULL = YES;
				CLANG_ANALYZER_NUMBER_OBJECT_CONVERSION = YES_AGGRESSIVE;
				CLANG_CXX_LANGUAGE_STANDARD = "gnu++14";
				CLANG_CXX_LIBRARY = "libc++";
				CLANG_ENABLE_MODULES = YES;
				CLANG_ENABLE_OBJC_ARC = YES;
				CLANG_ENABLE_OBJC_WEAK = YES;
				CLANG_WARN_BLOCK_CAPTURE_AUTORELEASING = YES;
				CLANG_WARN_BOOL_CONVERSION = YES;
				CLANG_WARN_COMMA = YES;
				CLANG_WARN_CONSTANT_CONVERSION = YES;
				CLANG_WARN_DEPRECATED_OBJC_IMPLEMENTATIONS = YES;
				CLANG_WARN_DIRECT_OBJC_ISA_USAGE = YES_ERROR;
				CLANG_WARN_DOCUMENTATION_COMMENTS = YES;
				CLANG_WARN_EMPTY_BODY = YES;
				CLANG_WARN_ENUM_CONVERSION = YES;
				CLANG_WARN_INFINITE_RECURSION = YES;
				CLANG_WARN_INT_CONVERSION = YES;
				CLANG_WARN_NON_LITERAL_NULL_CONVERSION = YES;
				CLANG_WARN_OBJC_IMPLICIT_RETAIN_SELF = YES;
				CLANG_WARN_OBJC_LITERAL_CONVERSION = YES;
				CLANG_WARN_OBJC_ROOT_CLASS = YES_ERROR;
				CLANG_WARN_RANGE_LOOP_ANALYSIS = YES;
				CLANG_WARN_STRICT_PROTOTYPES = YES;
				CLANG_WARN_SUSPICIOUS_MOVE = YES;
				CLANG_WARN_UNGUARDED_AVAILABILITY = YES_AGGRESSIVE;
				CLANG_WARN_UNREACHABLE_CODE = YES;
				CLANG_WARN__DUPLICATE_METHOD_MATCH = YES;
				COPY_PHASE_STRIP = NO;
				DEBUG_INFORMATION_FORMAT = dwarf;
				ENABLE_STRICT_OBJC_MSGSEND = YES;
				ENABLE_TESTABILITY = YES;
				GCC_C_LANGUAGE_STANDARD = gnu11;
				GCC_DYNAMIC_NO_PIC = NO;
				GCC_NO_COMMON_BLOCKS = YES;
				GCC_OPTIMIZATION_LEVEL = 0;
				GCC_PREPROCESSOR_DEFINITIONS = (
					"DEBUG=1",
					"$(inherited)",
				);
				GCC_WARN_64_TO_32_BIT_CONVERSION = YES;
				GCC_WARN_ABOUT_RETURN_TYPE = YES_ERROR;
				GCC_WARN_UNDECLARED_SELECTOR = YES;
				GCC_WARN_UNINITIALIZED_AUTOS = YES_AGGRESSIVE;
				GCC_WARN_UNUSED_FUNCTION = YES;
				GCC_WARN_UNUSED_VARIABLE = YES;
				IPHONEOS_DEPLOYMENT_TARGET = 13.2;
				MTL_ENABLE_DEBUG_INFO = INCLUDE_SOURCE;
				MTL_FAST_MATH = YES;
				ONLY_ACTIVE_ARCH = YES;
				SDKROOT = iphoneos;
				SWIFT_ACTIVE_COMPILATION_CONDITIONS = DEBUG;
				SWIFT_OPTIMIZATION_LEVEL = "-Onone";
			};
			name = Debug;
		};
		1B8EB98B24057D5900DE552F /* Release */ = {
			isa = XCBuildConfiguration;
			buildSettings = {
				ALWAYS_SEARCH_USER_PATHS = NO;
				CLANG_ANALYZER_NONNULL = YES;
				CLANG_ANALYZER_NUMBER_OBJECT_CONVERSION = YES_AGGRESSIVE;
				CLANG_CXX_LANGUAGE_STANDARD = "gnu++14";
				CLANG_CXX_LIBRARY = "libc++";
				CLANG_ENABLE_MODULES = YES;
				CLANG_ENABLE_OBJC_ARC = YES;
				CLANG_ENABLE_OBJC_WEAK = YES;
				CLANG_WARN_BLOCK_CAPTURE_AUTORELEASING = YES;
				CLANG_WARN_BOOL_CONVERSION = YES;
				CLANG_WARN_COMMA = YES;
				CLANG_WARN_CONSTANT_CONVERSION = YES;
				CLANG_WARN_DEPRECATED_OBJC_IMPLEMENTATIONS = YES;
				CLANG_WARN_DIRECT_OBJC_ISA_USAGE = YES_ERROR;
				CLANG_WARN_DOCUMENTATION_COMMENTS = YES;
				CLANG_WARN_EMPTY_BODY = YES;
				CLANG_WARN_ENUM_CONVERSION = YES;
				CLANG_WARN_INFINITE_RECURSION = YES;
				CLANG_WARN_INT_CONVERSION = YES;
				CLANG_WARN_NON_LITERAL_NULL_CONVERSION = YES;
				CLANG_WARN_OBJC_IMPLICIT_RETAIN_SELF = YES;
				CLANG_WARN_OBJC_LITERAL_CONVERSION = YES;
				CLANG_WARN_OBJC_ROOT_CLASS = YES_ERROR;
				CLANG_WARN_RANGE_LOOP_ANALYSIS = YES;
				CLANG_WARN_STRICT_PROTOTYPES = YES;
				CLANG_WARN_SUSPICIOUS_MOVE = YES;
				CLANG_WARN_UNGUARDED_AVAILABILITY = YES_AGGRESSIVE;
				CLANG_WARN_UNREACHABLE_CODE = YES;
				CLANG_WARN__DUPLICATE_METHOD_MATCH = YES;
				COPY_PHASE_STRIP = NO;
				DEBUG_INFORMATION_FORMAT = "dwarf-with-dsym";
				ENABLE_NS_ASSERTIONS = NO;
				ENABLE_STRICT_OBJC_MSGSEND = YES;
				GCC_C_LANGUAGE_STANDARD = gnu11;
				GCC_NO_COMMON_BLOCKS = YES;
				GCC_WARN_64_TO_32_BIT_CONVERSION = YES;
				GCC_WARN_ABOUT_RETURN_TYPE = YES_ERROR;
				GCC_WARN_UNDECLARED_SELECTOR = YES;
				GCC_WARN_UNINITIALIZED_AUTOS = YES_AGGRESSIVE;
				GCC_WARN_UNUSED_FUNCTION = YES;
				GCC_WARN_UNUSED_VARIABLE = YES;
				IPHONEOS_DEPLOYMENT_TARGET = 13.2;
				MTL_ENABLE_DEBUG_INFO = NO;
				MTL_FAST_MATH = YES;
				SDKROOT = iphoneos;
				SWIFT_COMPILATION_MODE = wholemodule;
				SWIFT_OPTIMIZATION_LEVEL = "-O";
				VALIDATE_PRODUCT = YES;
			};
			name = Release;
		};
		1B8EB98D24057D5900DE552F /* Debug */ = {
			isa = XCBuildConfiguration;
			buildSettings = {
				ASSETCATALOG_COMPILER_APPICON_NAME = AppIcon;
				CODE_SIGN_STYLE = Automatic;
				DEVELOPMENT_ASSET_PATHS = "\"BooksDiscovery/Preview Content\"";
				DEVELOPMENT_TEAM = S2EX4B69R4;
				ENABLE_PREVIEWS = YES;
				INFOPLIST_FILE = BooksDiscovery/Info.plist;
				LD_RUNPATH_SEARCH_PATHS = (
					"$(inherited)",
					"@executable_path/Frameworks",
				);
				PRODUCT_BUNDLE_IDENTIFIER = ru.getmobit.BooksDiscovery;
				PRODUCT_NAME = "$(TARGET_NAME)";
				SWIFT_VERSION = 5.0;
				TARGETED_DEVICE_FAMILY = "1,2";
			};
			name = Debug;
		};
		1B8EB98E24057D5900DE552F /* Release */ = {
			isa = XCBuildConfiguration;
			buildSettings = {
				ASSETCATALOG_COMPILER_APPICON_NAME = AppIcon;
				CODE_SIGN_STYLE = Automatic;
				DEVELOPMENT_ASSET_PATHS = "\"BooksDiscovery/Preview Content\"";
				DEVELOPMENT_TEAM = S2EX4B69R4;
				ENABLE_PREVIEWS = YES;
				INFOPLIST_FILE = BooksDiscovery/Info.plist;
				LD_RUNPATH_SEARCH_PATHS = (
					"$(inherited)",
					"@executable_path/Frameworks",
				);
				PRODUCT_BUNDLE_IDENTIFIER = ru.getmobit.BooksDiscovery;
				PRODUCT_NAME = "$(TARGET_NAME)";
				SWIFT_VERSION = 5.0;
				TARGETED_DEVICE_FAMILY = "1,2";
			};
			name = Release;
		};
/* End XCBuildConfiguration section */

/* Begin XCConfigurationList section */
		1B8EB97324057D5700DE552F /* Build configuration list for PBXProject "BooksDiscovery" */ = {
			isa = XCConfigurationList;
			buildConfigurations = (
				1B8EB98A24057D5900DE552F /* Debug */,
				1B8EB98B24057D5900DE552F /* Release */,
			);
			defaultConfigurationIsVisible = 0;
			defaultConfigurationName = Release;
		};
		1B8EB98C24057D5900DE552F /* Build configuration list for PBXNativeTarget "BooksDiscovery" */ = {
			isa = XCConfigurationList;
			buildConfigurations = (
				1B8EB98D24057D5900DE552F /* Debug */,
				1B8EB98E24057D5900DE552F /* Release */,
			);
			defaultConfigurationIsVisible = 0;
			defaultConfigurationName = Release;
		};
/* End XCConfigurationList section */
	};
	rootObject = 1B8EB97024057D5700DE552F /* Project object */;
}
